
Microsoft Visual Studio Solution File, Format Version 12.00
# Visual Studio 15
VisualStudioVersion = 15.0.28307.852
MinimumVisualStudioVersion = 10.0.40219.1
Project("{FAE04EC0-301F-11D3-BF4B-00C04F79EFBC}") = "InventoryManagement.Console.API", "InventoryManagement.Console.API\InventoryManagement.Console.API.csproj", "{7149E328-60B2-4BA3-AE0F-5396098C2709}"
EndProject
Global
	GlobalSection(SolutionConfigurationPlatforms) = preSolution
		Debug|Any CPU = Debug|Any CPU
		Release|Any CPU = Release|Any CPU
	EndGlobalSection
	GlobalSection(ProjectConfigurationPlatforms) = postSolution
		{7149E328-60B2-4BA3-AE0F-5396098C2709}.Debug|Any CPU.ActiveCfg = Debug|Any CPU
		{7149E328-60B2-4BA3-AE0F-5396098C2709}.Debug|Any CPU.Build.0 = Debug|Any CPU
		{7149E328-60B2-4BA3-AE0F-5396098C2709}.Release|Any CPU.ActiveCfg = Release|Any CPU
		{7149E328-60B2-4BA3-AE0F-5396098C2709}.Release|Any CPU.Build.0 = Release|Any CPU
	EndGlobalSection
	GlobalSection(SolutionProperties) = preSolution
		HideSolutionNode = FALSE
	EndGlobalSection
	GlobalSection(ExtensibilityGlobals) = postSolution
		SolutionGuid = {96053EF5-8D72-4790-B34E-502F74301933}
	EndGlobalSection
EndGlobal
